// !$*UTF8*$!
{
	archiveVersion = 1;
	classes = {
	};
	objectVersion = 56;
	objects = {

/* Begin PBXBuildFile section */
		5A45C7182C9C0FDB00F6E14E /* vitalView.swift in Sources */ = {isa = PBXBuildFile; fileRef = 5A45C7172C9C0FDB00F6E14E /* vitalView.swift */; };
		5A45C71A2C9C0FE600F6E14E /* vitalManager.swift in Sources */ = {isa = PBXBuildFile; fileRef = 5A45C7192C9C0FE600F6E14E /* vitalManager.swift */; };
		5A554E5B2C8705080081747B /* rawDataiOSAppAcquisitionApp.swift in Sources */ = {isa = PBXBuildFile; fileRef = 5A554E5A2C8705080081747B /* rawDataiOSAppAcquisitionApp.swift */; };
		5A554E5D2C8705080081747B /* ContentView.swift in Sources */ = {isa = PBXBuildFile; fileRef = 5A554E5C2C8705080081747B /* ContentView.swift */; };
		5A554E5F2C8705090081747B /* Assets.xcassets in Resources */ = {isa = PBXBuildFile; fileRef = 5A554E5E2C8705090081747B /* Assets.xcassets */; };
		5A554E632C8705090081747B /* Preview Assets.xcassets in Resources */ = {isa = PBXBuildFile; fileRef = 5A554E622C8705090081747B /* Preview Assets.xcassets */; };
		5A554E6D2C8705090081747B /* rawDataiOSAppAcquisitionTests.swift in Sources */ = {isa = PBXBuildFile; fileRef = 5A554E6C2C8705090081747B /* rawDataiOSAppAcquisitionTests.swift */; };
		5A554E772C8705090081747B /* rawDataiOSAppAcquisitionUITests.swift in Sources */ = {isa = PBXBuildFile; fileRef = 5A554E762C8705090081747B /* rawDataiOSAppAcquisitionUITests.swift */; };
		5A554E792C8705090081747B /* rawDataiOSAppAcquisitionUITestsLaunchTests.swift in Sources */ = {isa = PBXBuildFile; fileRef = 5A554E782C8705090081747B /* rawDataiOSAppAcquisitionUITestsLaunchTests.swift */; };
		5A554E8F2C8705DB0081747B /* healthKitView.swift in Sources */ = {isa = PBXBuildFile; fileRef = 5A554E8E2C8705DB0081747B /* healthKitView.swift */; };
		5A554E912C8705ED0081747B /* activityView.swift in Sources */ = {isa = PBXBuildFile; fileRef = 5A554E902C8705ED0081747B /* activityView.swift */; };
		5A554E932C8705F70081747B /* activityManager.swift in Sources */ = {isa = PBXBuildFile; fileRef = 5A554E922C8705F70081747B /* activityManager.swift */; };
		5A554E952C8706080081747B /* mobilityView.swift in Sources */ = {isa = PBXBuildFile; fileRef = 5A554E942C8706080081747B /* mobilityView.swift */; };
		5A554E972C8706110081747B /* mobilityManager.swift in Sources */ = {isa = PBXBuildFile; fileRef = 5A554E962C8706110081747B /* mobilityManager.swift */; };
		5A554E992C87061E0081747B /* rawDataView.swift in Sources */ = {isa = PBXBuildFile; fileRef = 5A554E982C87061E0081747B /* rawDataView.swift */; };
		5A554E9B2C8706310081747B /* accelerometerDataView.swift in Sources */ = {isa = PBXBuildFile; fileRef = 5A554E9A2C8706310081747B /* accelerometerDataView.swift */; };
		5A554E9D2C87063D0081747B /* accelerometerDataManager.swift in Sources */ = {isa = PBXBuildFile; fileRef = 5A554E9C2C87063D0081747B /* accelerometerDataManager.swift */; };
		5A554E9F2C8706470081747B /* gyroscopeDataView.swift in Sources */ = {isa = PBXBuildFile; fileRef = 5A554E9E2C8706470081747B /* gyroscopeDataView.swift */; };
		5A554EA12C87065A0081747B /* gyroscopeDataManager.swift in Sources */ = {isa = PBXBuildFile; fileRef = 5A554EA02C87065A0081747B /* gyroscopeDataManager.swift */; };
		5A554EA32C8706690081747B /* magnetometerDataView.swift in Sources */ = {isa = PBXBuildFile; fileRef = 5A554EA22C8706690081747B /* magnetometerDataView.swift */; };
		5A554EA52C8706730081747B /* magnetometerDataManager.swift in Sources */ = {isa = PBXBuildFile; fileRef = 5A554EA42C8706730081747B /* magnetometerDataManager.swift */; };
		5A554EA72C8706810081747B /* deviceMotionView.swift in Sources */ = {isa = PBXBuildFile; fileRef = 5A554EA62C8706810081747B /* deviceMotionView.swift */; };
		5A554EA92C87068D0081747B /* deviceMotionManager.swift in Sources */ = {isa = PBXBuildFile; fileRef = 5A554EA82C87068D0081747B /* deviceMotionManager.swift */; };
		5A554EAB2C87069D0081747B /* cameraBasedView.swift in Sources */ = {isa = PBXBuildFile; fileRef = 5A554EAA2C87069D0081747B /* cameraBasedView.swift */; };
		5A554EAD2C8706AA0081747B /* cameraBasedController.swift in Sources */ = {isa = PBXBuildFile; fileRef = 5A554EAC2C8706AA0081747B /* cameraBasedController.swift */; };
		5A554EAF2C8706BE0081747B /* cameraBasedManager.swift in Sources */ = {isa = PBXBuildFile; fileRef = 5A554EAE2C8706BE0081747B /* cameraBasedManager.swift */; };
		5AB490012CC106FF0061D5B4 /* animatedMotionSwipeDownClose.swift in Sources */ = {isa = PBXBuildFile; fileRef = 5AB490002CC106FF0061D5B4 /* animatedMotionSwipeDownClose.swift */; };
		863757E62CD38DAE002F4BEA /* SixMinuteWalkTestManager.swift in Sources */ = {isa = PBXBuildFile; fileRef = 863757E52CD38DAE002F4BEA /* SixMinuteWalkTestManager.swift */; };
		863757E82CD38DBA002F4BEA /* SixMinuteWalkTestView.swift in Sources */ = {isa = PBXBuildFile; fileRef = 863757E72CD38DBA002F4BEA /* SixMinuteWalkTestView.swift */; };
		86419FE62CB97E2B0071151C /* StepCountManager.swift in Sources */ = {isa = PBXBuildFile; fileRef = 86419FE52CB97E2B0071151C /* StepCountManager.swift */; };
		86419FE82CB97E800071151C /* StepCountView.swift in Sources */ = {isa = PBXBuildFile; fileRef = 86419FE72CB97E800071151C /* StepCountView.swift */; };
		86419FEC2CB988BF0071151C /* walkingDataView.swift in Sources */ = {isa = PBXBuildFile; fileRef = 86419FEB2CB988BF0071151C /* walkingDataView.swift */; };
		86419FEE2CBA8CE20071151C /* PreviewView.swift in Sources */ = {isa = PBXBuildFile; fileRef = 86419FED2CBA8CE20071151C /* PreviewView.swift */; };
		866B7C4C2CD0F6C8000FC227 /* rawDataAllManager.swift in Sources */ = {isa = PBXBuildFile; fileRef = 866B7C4B2CD0F6C8000FC227 /* rawDataAllManager.swift */; };
		866B7C4E2CD0F6EA000FC227 /* rawDataAllView.swift in Sources */ = {isa = PBXBuildFile; fileRef = 866B7C4D2CD0F6EA000FC227 /* rawDataAllView.swift */; };
		86B0DE662CBE973C00003F50 /* ServerConfig.swift in Sources */ = {isa = PBXBuildFile; fileRef = 86B0DE652CBE973C00003F50 /* ServerConfig.swift */; };
/* End PBXBuildFile section */

/* Begin PBXContainerItemProxy section */
		5A554E692C8705090081747B /* PBXContainerItemProxy */ = {
			isa = PBXContainerItemProxy;
			containerPortal = 5A554E4F2C8705080081747B /* Project object */;
			proxyType = 1;
			remoteGlobalIDString = 5A554E562C8705080081747B;
			remoteInfo = rawDataiOSAppAcquisition;
		};
		5A554E732C8705090081747B /* PBXContainerItemProxy */ = {
			isa = PBXContainerItemProxy;
			containerPortal = 5A554E4F2C8705080081747B /* Project object */;
			proxyType = 1;
			remoteGlobalIDString = 5A554E562C8705080081747B;
			remoteInfo = rawDataiOSAppAcquisition;
		};
/* End PBXContainerItemProxy section */

/* Begin PBXFileReference section */
		5A45C7172C9C0FDB00F6E14E /* vitalView.swift */ = {isa = PBXFileReference; lastKnownFileType = sourcecode.swift; path = vitalView.swift; sourceTree = "<group>"; };
		5A45C7192C9C0FE600F6E14E /* vitalManager.swift */ = {isa = PBXFileReference; lastKnownFileType = sourcecode.swift; path = vitalManager.swift; sourceTree = "<group>"; };
		5A554E572C8705080081747B /* LifeStats.app */ = {isa = PBXFileReference; explicitFileType = wrapper.application; includeInIndex = 0; path = LifeStats.app; sourceTree = BUILT_PRODUCTS_DIR; };
		5A554E5A2C8705080081747B /* rawDataiOSAppAcquisitionApp.swift */ = {isa = PBXFileReference; lastKnownFileType = sourcecode.swift; path = rawDataiOSAppAcquisitionApp.swift; sourceTree = "<group>"; };
		5A554E5C2C8705080081747B /* ContentView.swift */ = {isa = PBXFileReference; lastKnownFileType = sourcecode.swift; path = ContentView.swift; sourceTree = "<group>"; };
		5A554E5E2C8705090081747B /* Assets.xcassets */ = {isa = PBXFileReference; lastKnownFileType = folder.assetcatalog; path = Assets.xcassets; sourceTree = "<group>"; };
		5A554E602C8705090081747B /* rawDataiOSAppAcquisition.entitlements */ = {isa = PBXFileReference; lastKnownFileType = text.plist.entitlements; path = rawDataiOSAppAcquisition.entitlements; sourceTree = "<group>"; };
		5A554E622C8705090081747B /* Preview Assets.xcassets */ = {isa = PBXFileReference; lastKnownFileType = folder.assetcatalog; path = "Preview Assets.xcassets"; sourceTree = "<group>"; };
		5A554E682C8705090081747B /* rawDataiOSAppAcquisitionTests.xctest */ = {isa = PBXFileReference; explicitFileType = wrapper.cfbundle; includeInIndex = 0; path = rawDataiOSAppAcquisitionTests.xctest; sourceTree = BUILT_PRODUCTS_DIR; };
		5A554E6C2C8705090081747B /* rawDataiOSAppAcquisitionTests.swift */ = {isa = PBXFileReference; lastKnownFileType = sourcecode.swift; path = rawDataiOSAppAcquisitionTests.swift; sourceTree = "<group>"; };
		5A554E722C8705090081747B /* rawDataiOSAppAcquisitionUITests.xctest */ = {isa = PBXFileReference; explicitFileType = wrapper.cfbundle; includeInIndex = 0; path = rawDataiOSAppAcquisitionUITests.xctest; sourceTree = BUILT_PRODUCTS_DIR; };
		5A554E762C8705090081747B /* rawDataiOSAppAcquisitionUITests.swift */ = {isa = PBXFileReference; lastKnownFileType = sourcecode.swift; path = rawDataiOSAppAcquisitionUITests.swift; sourceTree = "<group>"; };
		5A554E782C8705090081747B /* rawDataiOSAppAcquisitionUITestsLaunchTests.swift */ = {isa = PBXFileReference; lastKnownFileType = sourcecode.swift; path = rawDataiOSAppAcquisitionUITestsLaunchTests.swift; sourceTree = "<group>"; };
		5A554E8E2C8705DB0081747B /* healthKitView.swift */ = {isa = PBXFileReference; lastKnownFileType = sourcecode.swift; path = healthKitView.swift; sourceTree = "<group>"; };
		5A554E902C8705ED0081747B /* activityView.swift */ = {isa = PBXFileReference; lastKnownFileType = sourcecode.swift; path = activityView.swift; sourceTree = "<group>"; };
		5A554E922C8705F70081747B /* activityManager.swift */ = {isa = PBXFileReference; lastKnownFileType = sourcecode.swift; path = activityManager.swift; sourceTree = "<group>"; };
		5A554E942C8706080081747B /* mobilityView.swift */ = {isa = PBXFileReference; lastKnownFileType = sourcecode.swift; path = mobilityView.swift; sourceTree = "<group>"; };
		5A554E962C8706110081747B /* mobilityManager.swift */ = {isa = PBXFileReference; lastKnownFileType = sourcecode.swift; path = mobilityManager.swift; sourceTree = "<group>"; };
		5A554E982C87061E0081747B /* rawDataView.swift */ = {isa = PBXFileReference; lastKnownFileType = sourcecode.swift; path = rawDataView.swift; sourceTree = "<group>"; };
		5A554E9A2C8706310081747B /* accelerometerDataView.swift */ = {isa = PBXFileReference; lastKnownFileType = sourcecode.swift; path = accelerometerDataView.swift; sourceTree = "<group>"; };
		5A554E9C2C87063D0081747B /* accelerometerDataManager.swift */ = {isa = PBXFileReference; lastKnownFileType = sourcecode.swift; path = accelerometerDataManager.swift; sourceTree = "<group>"; };
		5A554E9E2C8706470081747B /* gyroscopeDataView.swift */ = {isa = PBXFileReference; lastKnownFileType = sourcecode.swift; path = gyroscopeDataView.swift; sourceTree = "<group>"; };
		5A554EA02C87065A0081747B /* gyroscopeDataManager.swift */ = {isa = PBXFileReference; lastKnownFileType = sourcecode.swift; path = gyroscopeDataManager.swift; sourceTree = "<group>"; };
		5A554EA22C8706690081747B /* magnetometerDataView.swift */ = {isa = PBXFileReference; lastKnownFileType = sourcecode.swift; path = magnetometerDataView.swift; sourceTree = "<group>"; };
		5A554EA42C8706730081747B /* magnetometerDataManager.swift */ = {isa = PBXFileReference; lastKnownFileType = sourcecode.swift; path = magnetometerDataManager.swift; sourceTree = "<group>"; };
		5A554EA62C8706810081747B /* deviceMotionView.swift */ = {isa = PBXFileReference; lastKnownFileType = sourcecode.swift; path = deviceMotionView.swift; sourceTree = "<group>"; };
		5A554EA82C87068D0081747B /* deviceMotionManager.swift */ = {isa = PBXFileReference; lastKnownFileType = sourcecode.swift; path = deviceMotionManager.swift; sourceTree = "<group>"; };
		5A554EAA2C87069D0081747B /* cameraBasedView.swift */ = {isa = PBXFileReference; lastKnownFileType = sourcecode.swift; path = cameraBasedView.swift; sourceTree = "<group>"; };
		5A554EAC2C8706AA0081747B /* cameraBasedController.swift */ = {isa = PBXFileReference; lastKnownFileType = sourcecode.swift; path = cameraBasedController.swift; sourceTree = "<group>"; };
		5A554EAE2C8706BE0081747B /* cameraBasedManager.swift */ = {isa = PBXFileReference; lastKnownFileType = sourcecode.swift; path = cameraBasedManager.swift; sourceTree = "<group>"; };
		5A554EB02C8708AA0081747B /* Info.plist */ = {isa = PBXFileReference; lastKnownFileType = text.plist; path = Info.plist; sourceTree = "<group>"; };
		5AB490002CC106FF0061D5B4 /* animatedMotionSwipeDownClose.swift */ = {isa = PBXFileReference; lastKnownFileType = sourcecode.swift; path = animatedMotionSwipeDownClose.swift; sourceTree = "<group>"; };
		863757E52CD38DAE002F4BEA /* SixMinuteWalkTestManager.swift */ = {isa = PBXFileReference; lastKnownFileType = sourcecode.swift; path = SixMinuteWalkTestManager.swift; sourceTree = "<group>"; };
		863757E72CD38DBA002F4BEA /* SixMinuteWalkTestView.swift */ = {isa = PBXFileReference; lastKnownFileType = sourcecode.swift; path = SixMinuteWalkTestView.swift; sourceTree = "<group>"; };
		86419FE52CB97E2B0071151C /* StepCountManager.swift */ = {isa = PBXFileReference; lastKnownFileType = sourcecode.swift; path = StepCountManager.swift; sourceTree = "<group>"; };
		86419FE72CB97E800071151C /* StepCountView.swift */ = {isa = PBXFileReference; lastKnownFileType = sourcecode.swift; path = StepCountView.swift; sourceTree = "<group>"; };
		86419FEB2CB988BF0071151C /* walkingDataView.swift */ = {isa = PBXFileReference; lastKnownFileType = sourcecode.swift; path = walkingDataView.swift; sourceTree = "<group>"; };
		86419FED2CBA8CE20071151C /* PreviewView.swift */ = {isa = PBXFileReference; lastKnownFileType = sourcecode.swift; path = PreviewView.swift; sourceTree = "<group>"; };
		866B7C4B2CD0F6C8000FC227 /* rawDataAllManager.swift */ = {isa = PBXFileReference; lastKnownFileType = sourcecode.swift; path = rawDataAllManager.swift; sourceTree = "<group>"; };
		866B7C4D2CD0F6EA000FC227 /* rawDataAllView.swift */ = {isa = PBXFileReference; lastKnownFileType = sourcecode.swift; path = rawDataAllView.swift; sourceTree = "<group>"; };
		86B0DE652CBE973C00003F50 /* ServerConfig.swift */ = {isa = PBXFileReference; lastKnownFileType = sourcecode.swift; path = ServerConfig.swift; sourceTree = "<group>"; };
/* End PBXFileReference section */

/* Begin PBXFrameworksBuildPhase section */
		5A554E542C8705080081747B /* Frameworks */ = {
			isa = PBXFrameworksBuildPhase;
			buildActionMask = 2147483647;
			files = (
			);
			runOnlyForDeploymentPostprocessing = 0;
		};
		5A554E652C8705090081747B /* Frameworks */ = {
			isa = PBXFrameworksBuildPhase;
			buildActionMask = 2147483647;
			files = (
			);
			runOnlyForDeploymentPostprocessing = 0;
		};
		5A554E6F2C8705090081747B /* Frameworks */ = {
			isa = PBXFrameworksBuildPhase;
			buildActionMask = 2147483647;
			files = (
			);
			runOnlyForDeploymentPostprocessing = 0;
		};
/* End PBXFrameworksBuildPhase section */

/* Begin PBXGroup section */
		5A45C7132C9C0F7000F6E14E /* vital */ = {
			isa = PBXGroup;
			children = (
				5A45C7172C9C0FDB00F6E14E /* vitalView.swift */,
				5A45C7192C9C0FE600F6E14E /* vitalManager.swift */,
			);
			path = vital;
			sourceTree = "<group>";
		};
		5A554E4E2C8705080081747B = {
			isa = PBXGroup;
			children = (
				5A554E592C8705080081747B /* rawDataiOSAppAcquisition */,
				5A554E6B2C8705090081747B /* rawDataiOSAppAcquisitionTests */,
				5A554E752C8705090081747B /* rawDataiOSAppAcquisitionUITests */,
				5A554E582C8705080081747B /* Products */,
			);
			sourceTree = "<group>";
		};
		5A554E582C8705080081747B /* Products */ = {
			isa = PBXGroup;
			children = (
				5A554E572C8705080081747B /* LifeStats.app */,
				5A554E682C8705090081747B /* rawDataiOSAppAcquisitionTests.xctest */,
				5A554E722C8705090081747B /* rawDataiOSAppAcquisitionUITests.xctest */,
			);
			name = Products;
			sourceTree = "<group>";
		};
		5A554E592C8705080081747B /* rawDataiOSAppAcquisition */ = {
			isa = PBXGroup;
			children = (
				5A554EB02C8708AA0081747B /* Info.plist */,
				86B0DE652CBE973C00003F50 /* ServerConfig.swift */,
				5A554E5A2C8705080081747B /* rawDataiOSAppAcquisitionApp.swift */,
				5A554E5C2C8705080081747B /* ContentView.swift */,
				5A554E852C87053B0081747B /* healthKit */,
				5A554E882C8705720081747B /* rawData */,
				86419FE92CB9887B0071151C /* processedData */,
				5A554E8D2C8705C10081747B /* cameraBased */,
				5A554E5E2C8705090081747B /* Assets.xcassets */,
				5A554E602C8705090081747B /* rawDataiOSAppAcquisition.entitlements */,
				5A554E612C8705090081747B /* Preview Content */,
				5AB490002CC106FF0061D5B4 /* animatedMotionSwipeDownClose.swift */,
			);
			path = rawDataiOSAppAcquisition;
			sourceTree = "<group>";
		};
		5A554E612C8705090081747B /* Preview Content */ = {
			isa = PBXGroup;
			children = (
				5A554E622C8705090081747B /* Preview Assets.xcassets */,
			);
			path = "Preview Content";
			sourceTree = "<group>";
		};
		5A554E6B2C8705090081747B /* rawDataiOSAppAcquisitionTests */ = {
			isa = PBXGroup;
			children = (
				5A554E6C2C8705090081747B /* rawDataiOSAppAcquisitionTests.swift */,
			);
			path = rawDataiOSAppAcquisitionTests;
			sourceTree = "<group>";
		};
		5A554E752C8705090081747B /* rawDataiOSAppAcquisitionUITests */ = {
			isa = PBXGroup;
			children = (
				5A554E762C8705090081747B /* rawDataiOSAppAcquisitionUITests.swift */,
				5A554E782C8705090081747B /* rawDataiOSAppAcquisitionUITestsLaunchTests.swift */,
			);
			path = rawDataiOSAppAcquisitionUITests;
			sourceTree = "<group>";
		};
		5A554E852C87053B0081747B /* healthKit */ = {
			isa = PBXGroup;
			children = (
				5A554E8E2C8705DB0081747B /* healthKitView.swift */,
				5A554E862C8705560081747B /* activity */,
				5A554E872C87055D0081747B /* mobility */,
				5A45C7132C9C0F7000F6E14E /* vital */,
			);
			path = healthKit;
			sourceTree = "<group>";
		};
		5A554E862C8705560081747B /* activity */ = {
			isa = PBXGroup;
			children = (
				5A554E902C8705ED0081747B /* activityView.swift */,
				5A554E922C8705F70081747B /* activityManager.swift */,
			);
			path = activity;
			sourceTree = "<group>";
		};
		5A554E872C87055D0081747B /* mobility */ = {
			isa = PBXGroup;
			children = (
				5A554E942C8706080081747B /* mobilityView.swift */,
				5A554E962C8706110081747B /* mobilityManager.swift */,
			);
			path = mobility;
			sourceTree = "<group>";
		};
		5A554E882C8705720081747B /* rawData */ = {
			isa = PBXGroup;
			children = (
				5A554E982C87061E0081747B /* rawDataView.swift */,
				5A554E892C87058F0081747B /* accelerometerData */,
				5A554E8A2C8705970081747B /* gyroscopeData */,
				5A554E8B2C87059F0081747B /* magnetometerData */,
				866B7C4A2CD0F68A000FC227 /* rawDataAll */,
				5A554E8C2C8705A60081747B /* deviceMotion */,
			);
			path = rawData;
			sourceTree = "<group>";
		};
		5A554E892C87058F0081747B /* accelerometerData */ = {
			isa = PBXGroup;
			children = (
				5A554E9A2C8706310081747B /* accelerometerDataView.swift */,
				5A554E9C2C87063D0081747B /* accelerometerDataManager.swift */,
			);
			path = accelerometerData;
			sourceTree = "<group>";
		};
		5A554E8A2C8705970081747B /* gyroscopeData */ = {
			isa = PBXGroup;
			children = (
				5A554E9E2C8706470081747B /* gyroscopeDataView.swift */,
				5A554EA02C87065A0081747B /* gyroscopeDataManager.swift */,
			);
			path = gyroscopeData;
			sourceTree = "<group>";
		};
		5A554E8B2C87059F0081747B /* magnetometerData */ = {
			isa = PBXGroup;
			children = (
				5A554EA22C8706690081747B /* magnetometerDataView.swift */,
				5A554EA42C8706730081747B /* magnetometerDataManager.swift */,
			);
			path = magnetometerData;
			sourceTree = "<group>";
		};
		5A554E8C2C8705A60081747B /* deviceMotion */ = {
			isa = PBXGroup;
			children = (
				5A554EA62C8706810081747B /* deviceMotionView.swift */,
				5A554EA82C87068D0081747B /* deviceMotionManager.swift */,
			);
			path = deviceMotion;
			sourceTree = "<group>";
		};
		5A554E8D2C8705C10081747B /* cameraBased */ = {
			isa = PBXGroup;
			children = (
				5A554EAA2C87069D0081747B /* cameraBasedView.swift */,
				86419FED2CBA8CE20071151C /* PreviewView.swift */,
				5A554EAC2C8706AA0081747B /* cameraBasedController.swift */,
				5A554EAE2C8706BE0081747B /* cameraBasedManager.swift */,
			);
			path = cameraBased;
			sourceTree = "<group>";
		};
		863757E42CD38D90002F4BEA /* SixMinuteWalkTest */ = {
			isa = PBXGroup;
			children = (
				863757E52CD38DAE002F4BEA /* SixMinuteWalkTestManager.swift */,
				863757E72CD38DBA002F4BEA /* SixMinuteWalkTestView.swift */,
			);
			path = SixMinuteWalkTest;
			sourceTree = "<group>";
		};
		86419FE42CB97E090071151C /* stepCountsAll */ = {
			isa = PBXGroup;
			children = (
				86419FE72CB97E800071151C /* StepCountView.swift */,
				86419FE52CB97E2B0071151C /* StepCountManager.swift */,
			);
			path = stepCountsAll;
			sourceTree = "<group>";
		};
		86419FE92CB9887B0071151C /* processedData */ = {
			isa = PBXGroup;
			children = (
				86419FEB2CB988BF0071151C /* walkingDataView.swift */,
				86419FE42CB97E090071151C /* stepCountsAll */,
				863757E42CD38D90002F4BEA /* SixMinuteWalkTest */,
			);
			path = processedData;
			sourceTree = "<group>";
		};
		866B7C4A2CD0F68A000FC227 /* rawDataAll */ = {
			isa = PBXGroup;
			children = (
				866B7C4B2CD0F6C8000FC227 /* rawDataAllManager.swift */,
				866B7C4D2CD0F6EA000FC227 /* rawDataAllView.swift */,
			);
			path = rawDataAll;
			sourceTree = "<group>";
		};
/* End PBXGroup section */

/* Begin PBXNativeTarget section */
		5A554E562C8705080081747B /* rawDataiOSAppAcquisition */ = {
			isa = PBXNativeTarget;
			buildConfigurationList = 5A554E7C2C8705090081747B /* Build configuration list for PBXNativeTarget "rawDataiOSAppAcquisition" */;
			buildPhases = (
				5A554E532C8705080081747B /* Sources */,
				5A554E542C8705080081747B /* Frameworks */,
				5A554E552C8705080081747B /* Resources */,
			);
			buildRules = (
			);
			dependencies = (
			);
			name = rawDataiOSAppAcquisition;
			productName = rawDataiOSAppAcquisition;
			productReference = 5A554E572C8705080081747B /* LifeStats.app */;
			productType = "com.apple.product-type.application";
		};
		5A554E672C8705090081747B /* rawDataiOSAppAcquisitionTests */ = {
			isa = PBXNativeTarget;
			buildConfigurationList = 5A554E7F2C8705090081747B /* Build configuration list for PBXNativeTarget "rawDataiOSAppAcquisitionTests" */;
			buildPhases = (
				5A554E642C8705090081747B /* Sources */,
				5A554E652C8705090081747B /* Frameworks */,
				5A554E662C8705090081747B /* Resources */,
			);
			buildRules = (
			);
			dependencies = (
				5A554E6A2C8705090081747B /* PBXTargetDependency */,
			);
			name = rawDataiOSAppAcquisitionTests;
			productName = rawDataiOSAppAcquisitionTests;
			productReference = 5A554E682C8705090081747B /* rawDataiOSAppAcquisitionTests.xctest */;
			productType = "com.apple.product-type.bundle.unit-test";
		};
		5A554E712C8705090081747B /* rawDataiOSAppAcquisitionUITests */ = {
			isa = PBXNativeTarget;
			buildConfigurationList = 5A554E822C8705090081747B /* Build configuration list for PBXNativeTarget "rawDataiOSAppAcquisitionUITests" */;
			buildPhases = (
				5A554E6E2C8705090081747B /* Sources */,
				5A554E6F2C8705090081747B /* Frameworks */,
				5A554E702C8705090081747B /* Resources */,
			);
			buildRules = (
			);
			dependencies = (
				5A554E742C8705090081747B /* PBXTargetDependency */,
			);
			name = rawDataiOSAppAcquisitionUITests;
			productName = rawDataiOSAppAcquisitionUITests;
			productReference = 5A554E722C8705090081747B /* rawDataiOSAppAcquisitionUITests.xctest */;
			productType = "com.apple.product-type.bundle.ui-testing";
		};
/* End PBXNativeTarget section */

/* Begin PBXProject section */
		5A554E4F2C8705080081747B /* Project object */ = {
			isa = PBXProject;
			attributes = {
				BuildIndependentTargetsInParallel = 1;
				LastSwiftUpdateCheck = 1540;
				LastUpgradeCheck = 1600;
				TargetAttributes = {
					5A554E562C8705080081747B = {
						CreatedOnToolsVersion = 15.4;
					};
					5A554E672C8705090081747B = {
						CreatedOnToolsVersion = 15.4;
						TestTargetID = 5A554E562C8705080081747B;
					};
					5A554E712C8705090081747B = {
						CreatedOnToolsVersion = 15.4;
						TestTargetID = 5A554E562C8705080081747B;
					};
				};
			};
			buildConfigurationList = 5A554E522C8705080081747B /* Build configuration list for PBXProject "LifeStats" */;
			compatibilityVersion = "Xcode 14.0";
			developmentRegion = en;
			hasScannedForEncodings = 0;
			knownRegions = (
				en,
				Base,
			);
			mainGroup = 5A554E4E2C8705080081747B;
			productRefGroup = 5A554E582C8705080081747B /* Products */;
			projectDirPath = "";
			projectRoot = "";
			targets = (
				5A554E562C8705080081747B /* rawDataiOSAppAcquisition */,
				5A554E672C8705090081747B /* rawDataiOSAppAcquisitionTests */,
				5A554E712C8705090081747B /* rawDataiOSAppAcquisitionUITests */,
			);
		};
/* End PBXProject section */

/* Begin PBXResourcesBuildPhase section */
		5A554E552C8705080081747B /* Resources */ = {
			isa = PBXResourcesBuildPhase;
			buildActionMask = 2147483647;
			files = (
				5A554E632C8705090081747B /* Preview Assets.xcassets in Resources */,
				5A554E5F2C8705090081747B /* Assets.xcassets in Resources */,
			);
			runOnlyForDeploymentPostprocessing = 0;
		};
		5A554E662C8705090081747B /* Resources */ = {
			isa = PBXResourcesBuildPhase;
			buildActionMask = 2147483647;
			files = (
			);
			runOnlyForDeploymentPostprocessing = 0;
		};
		5A554E702C8705090081747B /* Resources */ = {
			isa = PBXResourcesBuildPhase;
			buildActionMask = 2147483647;
			files = (
			);
			runOnlyForDeploymentPostprocessing = 0;
		};
/* End PBXResourcesBuildPhase section */

/* Begin PBXSourcesBuildPhase section */
		5A554E532C8705080081747B /* Sources */ = {
			isa = PBXSourcesBuildPhase;
			buildActionMask = 2147483647;
			files = (
				5A554E972C8706110081747B /* mobilityManager.swift in Sources */,
				5A45C7182C9C0FDB00F6E14E /* vitalView.swift in Sources */,
				866B7C4C2CD0F6C8000FC227 /* rawDataAllManager.swift in Sources */,
				5A554EA12C87065A0081747B /* gyroscopeDataManager.swift in Sources */,
				5A554EAD2C8706AA0081747B /* cameraBasedController.swift in Sources */,
				5A554E9B2C8706310081747B /* accelerometerDataView.swift in Sources */,
				5A45C71A2C9C0FE600F6E14E /* vitalManager.swift in Sources */,
				5A554E8F2C8705DB0081747B /* healthKitView.swift in Sources */,
				863757E82CD38DBA002F4BEA /* SixMinuteWalkTestView.swift in Sources */,
				86419FE82CB97E800071151C /* StepCountView.swift in Sources */,
				86419FE62CB97E2B0071151C /* StepCountManager.swift in Sources */,
				5A554E912C8705ED0081747B /* activityView.swift in Sources */,
				5AB490012CC106FF0061D5B4 /* animatedMotionSwipeDownClose.swift in Sources */,
				5A554E992C87061E0081747B /* rawDataView.swift in Sources */,
				863757E62CD38DAE002F4BEA /* SixMinuteWalkTestManager.swift in Sources */,
				5A554E5D2C8705080081747B /* ContentView.swift in Sources */,
				5A554E952C8706080081747B /* mobilityView.swift in Sources */,
				5A554EA72C8706810081747B /* deviceMotionView.swift in Sources */,
				86B0DE662CBE973C00003F50 /* ServerConfig.swift in Sources */,
				5A554E9D2C87063D0081747B /* accelerometerDataManager.swift in Sources */,
				86419FEC2CB988BF0071151C /* walkingDataView.swift in Sources */,
				5A554EA92C87068D0081747B /* deviceMotionManager.swift in Sources */,
				5A554EAB2C87069D0081747B /* cameraBasedView.swift in Sources */,
				5A554EAF2C8706BE0081747B /* cameraBasedManager.swift in Sources */,
				5A554EA52C8706730081747B /* magnetometerDataManager.swift in Sources */,
				86419FEE2CBA8CE20071151C /* PreviewView.swift in Sources */,
				5A554E932C8705F70081747B /* activityManager.swift in Sources */,
				5A554E5B2C8705080081747B /* rawDataiOSAppAcquisitionApp.swift in Sources */,
				5A554E9F2C8706470081747B /* gyroscopeDataView.swift in Sources */,
				866B7C4E2CD0F6EA000FC227 /* rawDataAllView.swift in Sources */,
				5A554EA32C8706690081747B /* magnetometerDataView.swift in Sources */,
			);
			runOnlyForDeploymentPostprocessing = 0;
		};
		5A554E642C8705090081747B /* Sources */ = {
			isa = PBXSourcesBuildPhase;
			buildActionMask = 2147483647;
			files = (
				5A554E6D2C8705090081747B /* rawDataiOSAppAcquisitionTests.swift in Sources */,
			);
			runOnlyForDeploymentPostprocessing = 0;
		};
		5A554E6E2C8705090081747B /* Sources */ = {
			isa = PBXSourcesBuildPhase;
			buildActionMask = 2147483647;
			files = (
				5A554E772C8705090081747B /* rawDataiOSAppAcquisitionUITests.swift in Sources */,
				5A554E792C8705090081747B /* rawDataiOSAppAcquisitionUITestsLaunchTests.swift in Sources */,
			);
			runOnlyForDeploymentPostprocessing = 0;
		};
/* End PBXSourcesBuildPhase section */

/* Begin PBXTargetDependency section */
		5A554E6A2C8705090081747B /* PBXTargetDependency */ = {
			isa = PBXTargetDependency;
			target = 5A554E562C8705080081747B /* rawDataiOSAppAcquisition */;
			targetProxy = 5A554E692C8705090081747B /* PBXContainerItemProxy */;
		};
		5A554E742C8705090081747B /* PBXTargetDependency */ = {
			isa = PBXTargetDependency;
			target = 5A554E562C8705080081747B /* rawDataiOSAppAcquisition */;
			targetProxy = 5A554E732C8705090081747B /* PBXContainerItemProxy */;
		};
/* End PBXTargetDependency section */

/* Begin XCBuildConfiguration section */
		5A554E7A2C8705090081747B /* Debug */ = {
			isa = XCBuildConfiguration;
			buildSettings = {
				ALWAYS_SEARCH_USER_PATHS = NO;
				ASSETCATALOG_COMPILER_GENERATE_SWIFT_ASSET_SYMBOL_EXTENSIONS = YES;
				CLANG_ANALYZER_NONNULL = YES;
				CLANG_ANALYZER_NUMBER_OBJECT_CONVERSION = YES_AGGRESSIVE;
				CLANG_CXX_LANGUAGE_STANDARD = "gnu++20";
				CLANG_ENABLE_MODULES = YES;
				CLANG_ENABLE_OBJC_ARC = YES;
				CLANG_ENABLE_OBJC_WEAK = YES;
				CLANG_WARN_BLOCK_CAPTURE_AUTORELEASING = YES;
				CLANG_WARN_BOOL_CONVERSION = YES;
				CLANG_WARN_COMMA = YES;
				CLANG_WARN_CONSTANT_CONVERSION = YES;
				CLANG_WARN_DEPRECATED_OBJC_IMPLEMENTATIONS = YES;
				CLANG_WARN_DIRECT_OBJC_ISA_USAGE = YES_ERROR;
				CLANG_WARN_DOCUMENTATION_COMMENTS = YES;
				CLANG_WARN_EMPTY_BODY = YES;
				CLANG_WARN_ENUM_CONVERSION = YES;
				CLANG_WARN_INFINITE_RECURSION = YES;
				CLANG_WARN_INT_CONVERSION = YES;
				CLANG_WARN_NON_LITERAL_NULL_CONVERSION = YES;
				CLANG_WARN_OBJC_IMPLICIT_RETAIN_SELF = YES;
				CLANG_WARN_OBJC_LITERAL_CONVERSION = YES;
				CLANG_WARN_OBJC_ROOT_CLASS = YES_ERROR;
				CLANG_WARN_QUOTED_INCLUDE_IN_FRAMEWORK_HEADER = YES;
				CLANG_WARN_RANGE_LOOP_ANALYSIS = YES;
				CLANG_WARN_STRICT_PROTOTYPES = YES;
				CLANG_WARN_SUSPICIOUS_MOVE = YES;
				CLANG_WARN_UNGUARDED_AVAILABILITY = YES_AGGRESSIVE;
				CLANG_WARN_UNREACHABLE_CODE = YES;
				CLANG_WARN__DUPLICATE_METHOD_MATCH = YES;
				COPY_PHASE_STRIP = NO;
				DEAD_CODE_STRIPPING = YES;
				DEBUG_INFORMATION_FORMAT = dwarf;
				ENABLE_STRICT_OBJC_MSGSEND = YES;
				ENABLE_TESTABILITY = YES;
				ENABLE_USER_SCRIPT_SANDBOXING = YES;
				GCC_C_LANGUAGE_STANDARD = gnu17;
				GCC_DYNAMIC_NO_PIC = NO;
				GCC_NO_COMMON_BLOCKS = YES;
				GCC_OPTIMIZATION_LEVEL = 0;
				GCC_PREPROCESSOR_DEFINITIONS = (
					"DEBUG=1",
					"$(inherited)",
				);
				GCC_WARN_64_TO_32_BIT_CONVERSION = YES;
				GCC_WARN_ABOUT_RETURN_TYPE = YES_ERROR;
				GCC_WARN_UNDECLARED_SELECTOR = YES;
				GCC_WARN_UNINITIALIZED_AUTOS = YES_AGGRESSIVE;
				GCC_WARN_UNUSED_FUNCTION = YES;
				GCC_WARN_UNUSED_VARIABLE = YES;
				INFOPLIST_KEY_LSSupportsOpeningDocumentsInPlace = YES;
				INFOPLIST_KEY_NSCameraUsageDescription = "Rear camera will be accessed to record photo or video";
				INFOPLIST_KEY_NSDocumentsFolderUsageDescription = "the fetched data will be saved into documents directories";
				INFOPLIST_KEY_NSHealthClinicalHealthRecordsShareUsageDescription = "This app need to access your health data";
				INFOPLIST_KEY_NSHealthShareUsageDescription = "This app need to access your health data";
				INFOPLIST_KEY_NSHealthUpdateUsageDescription = "This app need to access your health data";
				INFOPLIST_KEY_NSLocationAlwaysAndWhenInUseUsageDescription = "We use your location to track motion in the background";
				INFOPLIST_KEY_NSLocationAlwaysUsageDescription = "We use your location to track motion in the background";
				INFOPLIST_KEY_NSLocationTemporaryUsageDescriptionDictionary = "We use your location to track motion in the background";
				INFOPLIST_KEY_NSLocationUsageDescription = "We use your location to track motion in the background";
				INFOPLIST_KEY_NSLocationWhenInUseUsageDescription = "We use your location to track motion in the background";
				INFOPLIST_KEY_NSMicrophoneUsageDescription = "Microphone will be accessed to record audio during video recording";
				INFOPLIST_KEY_NSMotionUsageDescription = "We use motion data to track your activity";
				INFOPLIST_KEY_UIApplicationSupportsIndirectInputEvents = YES;
				INFOPLIST_KEY_UISupportsDocumentBrowser = YES;
				LOCALIZATION_PREFERS_STRING_CATALOGS = YES;
				MTL_ENABLE_DEBUG_INFO = INCLUDE_SOURCE;
				MTL_FAST_MATH = YES;
				ONLY_ACTIVE_ARCH = YES;
				PRODUCT_NAME = LifeStats;
				SWIFT_ACTIVE_COMPILATION_CONDITIONS = "DEBUG $(inherited)";
				SWIFT_OPTIMIZATION_LEVEL = "-Onone";
			};
			name = Debug;
		};
		5A554E7B2C8705090081747B /* Release */ = {
			isa = XCBuildConfiguration;
			buildSettings = {
				ALWAYS_SEARCH_USER_PATHS = NO;
				ASSETCATALOG_COMPILER_GENERATE_SWIFT_ASSET_SYMBOL_EXTENSIONS = YES;
				CLANG_ANALYZER_NONNULL = YES;
				CLANG_ANALYZER_NUMBER_OBJECT_CONVERSION = YES_AGGRESSIVE;
				CLANG_CXX_LANGUAGE_STANDARD = "gnu++20";
				CLANG_ENABLE_MODULES = YES;
				CLANG_ENABLE_OBJC_ARC = YES;
				CLANG_ENABLE_OBJC_WEAK = YES;
				CLANG_WARN_BLOCK_CAPTURE_AUTORELEASING = YES;
				CLANG_WARN_BOOL_CONVERSION = YES;
				CLANG_WARN_COMMA = YES;
				CLANG_WARN_CONSTANT_CONVERSION = YES;
				CLANG_WARN_DEPRECATED_OBJC_IMPLEMENTATIONS = YES;
				CLANG_WARN_DIRECT_OBJC_ISA_USAGE = YES_ERROR;
				CLANG_WARN_DOCUMENTATION_COMMENTS = YES;
				CLANG_WARN_EMPTY_BODY = YES;
				CLANG_WARN_ENUM_CONVERSION = YES;
				CLANG_WARN_INFINITE_RECURSION = YES;
				CLANG_WARN_INT_CONVERSION = YES;
				CLANG_WARN_NON_LITERAL_NULL_CONVERSION = YES;
				CLANG_WARN_OBJC_IMPLICIT_RETAIN_SELF = YES;
				CLANG_WARN_OBJC_LITERAL_CONVERSION = YES;
				CLANG_WARN_OBJC_ROOT_CLASS = YES_ERROR;
				CLANG_WARN_QUOTED_INCLUDE_IN_FRAMEWORK_HEADER = YES;
				CLANG_WARN_RANGE_LOOP_ANALYSIS = YES;
				CLANG_WARN_STRICT_PROTOTYPES = YES;
				CLANG_WARN_SUSPICIOUS_MOVE = YES;
				CLANG_WARN_UNGUARDED_AVAILABILITY = YES_AGGRESSIVE;
				CLANG_WARN_UNREACHABLE_CODE = YES;
				CLANG_WARN__DUPLICATE_METHOD_MATCH = YES;
				COPY_PHASE_STRIP = NO;
				DEAD_CODE_STRIPPING = YES;
				DEBUG_INFORMATION_FORMAT = "dwarf-with-dsym";
				ENABLE_NS_ASSERTIONS = NO;
				ENABLE_STRICT_OBJC_MSGSEND = YES;
				ENABLE_USER_SCRIPT_SANDBOXING = YES;
				GCC_C_LANGUAGE_STANDARD = gnu17;
				GCC_NO_COMMON_BLOCKS = YES;
				GCC_WARN_64_TO_32_BIT_CONVERSION = YES;
				GCC_WARN_ABOUT_RETURN_TYPE = YES_ERROR;
				GCC_WARN_UNDECLARED_SELECTOR = YES;
				GCC_WARN_UNINITIALIZED_AUTOS = YES_AGGRESSIVE;
				GCC_WARN_UNUSED_FUNCTION = YES;
				GCC_WARN_UNUSED_VARIABLE = YES;
				INFOPLIST_KEY_LSSupportsOpeningDocumentsInPlace = YES;
				INFOPLIST_KEY_NSCameraUsageDescription = "Rear camera will be accessed to record photo or video";
				INFOPLIST_KEY_NSDocumentsFolderUsageDescription = "the fetched data will be saved into documents directories";
				INFOPLIST_KEY_NSHealthClinicalHealthRecordsShareUsageDescription = "This app need to access your health data";
				INFOPLIST_KEY_NSHealthShareUsageDescription = "This app need to access your health data";
				INFOPLIST_KEY_NSHealthUpdateUsageDescription = "This app need to access your health data";
				INFOPLIST_KEY_NSLocationAlwaysAndWhenInUseUsageDescription = "We use your location to track motion in the background";
				INFOPLIST_KEY_NSLocationAlwaysUsageDescription = "We use your location to track motion in the background";
				INFOPLIST_KEY_NSLocationTemporaryUsageDescriptionDictionary = "We use your location to track motion in the background";
				INFOPLIST_KEY_NSLocationUsageDescription = "We use your location to track motion in the background";
				INFOPLIST_KEY_NSLocationWhenInUseUsageDescription = "We use your location to track motion in the background";
				INFOPLIST_KEY_NSMicrophoneUsageDescription = "Microphone will be accessed to record audio during video recording";
				INFOPLIST_KEY_NSMotionUsageDescription = "We use motion data to track your activity";
				INFOPLIST_KEY_UIApplicationSupportsIndirectInputEvents = YES;
				INFOPLIST_KEY_UISupportsDocumentBrowser = YES;
				LOCALIZATION_PREFERS_STRING_CATALOGS = YES;
				MTL_ENABLE_DEBUG_INFO = NO;
				MTL_FAST_MATH = YES;
				PRODUCT_NAME = LifeStats;
				SWIFT_COMPILATION_MODE = wholemodule;
			};
			name = Release;
		};
		5A554E7D2C8705090081747B /* Debug */ = {
			isa = XCBuildConfiguration;
			buildSettings = {
				ASSETCATALOG_COMPILER_APPICON_NAME = AppIcon;
				ASSETCATALOG_COMPILER_GLOBAL_ACCENT_COLOR_NAME = AccentColor;
				CODE_SIGN_ENTITLEMENTS = rawDataiOSAppAcquisition/rawDataiOSAppAcquisition.entitlements;
				CODE_SIGN_IDENTITY = "Apple Development";
				CODE_SIGN_STYLE = Automatic;
				CURRENT_PROJECT_VERSION = 1;
				DEAD_CODE_STRIPPING = YES;
				DEVELOPMENT_ASSET_PATHS = "\"rawDataiOSAppAcquisition/Preview Content\"";
				DEVELOPMENT_TEAM = XBTGW8FK4X;
				ENABLE_HARDENED_RUNTIME = YES;
				ENABLE_PREVIEWS = YES;
				GENERATE_INFOPLIST_FILE = YES;
				INFOPLIST_FILE = rawDataiOSAppAcquisition/Info.plist;
				INFOPLIST_KEY_LSSupportsOpeningDocumentsInPlace = YES;
				INFOPLIST_KEY_NSCameraUsageDescription = "Rear camera will be accessed to record photo or video";
				INFOPLIST_KEY_NSDocumentsFolderUsageDescription = "the fetched data will be saved into documents directories";
				INFOPLIST_KEY_NSHealthClinicalHealthRecordsShareUsageDescription = "This app need to access your health data";
				INFOPLIST_KEY_NSHealthShareUsageDescription = "This app need to access your health data";
				INFOPLIST_KEY_NSHealthUpdateUsageDescription = "This app need to access your health data";
				INFOPLIST_KEY_NSLocationAlwaysAndWhenInUseUsageDescription = "We use your location to track motion in the background";
				INFOPLIST_KEY_NSLocationAlwaysUsageDescription = "We use your location to track motion in the background";
				INFOPLIST_KEY_NSLocationTemporaryUsageDescriptionDictionary = "We use your location to track motion in the background";
				INFOPLIST_KEY_NSLocationUsageDescription = "We use your location to track motion in the background";
				INFOPLIST_KEY_NSLocationWhenInUseUsageDescription = "We use your location to track motion in the background";
				INFOPLIST_KEY_NSMicrophoneUsageDescription = "Microphone will be accessed to record audio during video recording";
				INFOPLIST_KEY_NSMotionUsageDescription = "We use motion data to track your activity";
				"INFOPLIST_KEY_UIApplicationSceneManifest_Generation[sdk=iphoneos*]" = YES;
				"INFOPLIST_KEY_UIApplicationSceneManifest_Generation[sdk=iphonesimulator*]" = YES;
				INFOPLIST_KEY_UIApplicationSupportsIndirectInputEvents = YES;
				"INFOPLIST_KEY_UIApplicationSupportsIndirectInputEvents[sdk=iphoneos*]" = YES;
				"INFOPLIST_KEY_UIApplicationSupportsIndirectInputEvents[sdk=iphonesimulator*]" = YES;
				"INFOPLIST_KEY_UILaunchScreen_Generation[sdk=iphoneos*]" = YES;
				"INFOPLIST_KEY_UILaunchScreen_Generation[sdk=iphonesimulator*]" = YES;
				"INFOPLIST_KEY_UIStatusBarStyle[sdk=iphoneos*]" = UIStatusBarStyleDefault;
				"INFOPLIST_KEY_UIStatusBarStyle[sdk=iphonesimulator*]" = UIStatusBarStyleDefault;
				INFOPLIST_KEY_UISupportedInterfaceOrientations_iPad = "UIInterfaceOrientationPortrait UIInterfaceOrientationPortraitUpsideDown UIInterfaceOrientationLandscapeLeft UIInterfaceOrientationLandscapeRight";
				INFOPLIST_KEY_UISupportedInterfaceOrientations_iPhone = "UIInterfaceOrientationPortrait UIInterfaceOrientationLandscapeLeft UIInterfaceOrientationLandscapeRight";
				INFOPLIST_KEY_UISupportsDocumentBrowser = YES;
				IPHONEOS_DEPLOYMENT_TARGET = 17.6;
				LD_RUNPATH_SEARCH_PATHS = "@executable_path/Frameworks";
				"LD_RUNPATH_SEARCH_PATHS[sdk=macosx*]" = "@executable_path/../Frameworks";
				MACOSX_DEPLOYMENT_TARGET = 14.6;
				MARKETING_VERSION = 1.0;
				PRODUCT_BUNDLE_IDENTIFIER = UKGM.rawDataiOSAppAcquisition;
				PRODUCT_NAME = LifeStats;
				PROVISIONING_PROFILE_SPECIFIER = "";
				SDKROOT = auto;
				SUPPORTED_PLATFORMS = "iphoneos iphonesimulator macosx";
				SWIFT_EMIT_LOC_STRINGS = YES;
				SWIFT_VERSION = 5.0;
				TARGETED_DEVICE_FAMILY = "1,2";
			};
			name = Debug;
		};
		5A554E7E2C8705090081747B /* Release */ = {
			isa = XCBuildConfiguration;
			buildSettings = {
				ASSETCATALOG_COMPILER_APPICON_NAME = AppIcon;
				ASSETCATALOG_COMPILER_GLOBAL_ACCENT_COLOR_NAME = AccentColor;
				CODE_SIGN_ENTITLEMENTS = rawDataiOSAppAcquisition/rawDataiOSAppAcquisition.entitlements;
				CODE_SIGN_IDENTITY = "Apple Development";
				CODE_SIGN_STYLE = Automatic;
				CURRENT_PROJECT_VERSION = 1;
				DEAD_CODE_STRIPPING = YES;
				DEVELOPMENT_ASSET_PATHS = "\"rawDataiOSAppAcquisition/Preview Content\"";
				DEVELOPMENT_TEAM = XBTGW8FK4X;
				ENABLE_HARDENED_RUNTIME = YES;
				ENABLE_PREVIEWS = YES;
				GENERATE_INFOPLIST_FILE = YES;
				INFOPLIST_FILE = rawDataiOSAppAcquisition/Info.plist;
				INFOPLIST_KEY_LSSupportsOpeningDocumentsInPlace = YES;
				INFOPLIST_KEY_NSCameraUsageDescription = "Rear camera will be accessed to record photo or video";
				INFOPLIST_KEY_NSDocumentsFolderUsageDescription = "the fetched data will be saved into documents directories";
				INFOPLIST_KEY_NSHealthClinicalHealthRecordsShareUsageDescription = "This app need to access your health data";
				INFOPLIST_KEY_NSHealthShareUsageDescription = "This app need to access your health data";
				INFOPLIST_KEY_NSHealthUpdateUsageDescription = "This app need to access your health data";
				INFOPLIST_KEY_NSLocationAlwaysAndWhenInUseUsageDescription = "We use your location to track motion in the background";
				INFOPLIST_KEY_NSLocationAlwaysUsageDescription = "We use your location to track motion in the background";
				INFOPLIST_KEY_NSLocationTemporaryUsageDescriptionDictionary = "We use your location to track motion in the background";
				INFOPLIST_KEY_NSLocationUsageDescription = "We use your location to track motion in the background";
				INFOPLIST_KEY_NSLocationWhenInUseUsageDescription = "We use your location to track motion in the background";
				INFOPLIST_KEY_NSMicrophoneUsageDescription = "Microphone will be accessed to record audio during video recording";
				INFOPLIST_KEY_NSMotionUsageDescription = "We use motion data to track your activity";
				"INFOPLIST_KEY_UIApplicationSceneManifest_Generation[sdk=iphoneos*]" = YES;
				"INFOPLIST_KEY_UIApplicationSceneManifest_Generation[sdk=iphonesimulator*]" = YES;
				INFOPLIST_KEY_UIApplicationSupportsIndirectInputEvents = YES;
				"INFOPLIST_KEY_UIApplicationSupportsIndirectInputEvents[sdk=iphoneos*]" = YES;
				"INFOPLIST_KEY_UIApplicationSupportsIndirectInputEvents[sdk=iphonesimulator*]" = YES;
				"INFOPLIST_KEY_UILaunchScreen_Generation[sdk=iphoneos*]" = YES;
				"INFOPLIST_KEY_UILaunchScreen_Generation[sdk=iphonesimulator*]" = YES;
				"INFOPLIST_KEY_UIStatusBarStyle[sdk=iphoneos*]" = UIStatusBarStyleDefault;
				"INFOPLIST_KEY_UIStatusBarStyle[sdk=iphonesimulator*]" = UIStatusBarStyleDefault;
				INFOPLIST_KEY_UISupportedInterfaceOrientations_iPad = "UIInterfaceOrientationPortrait UIInterfaceOrientationPortraitUpsideDown UIInterfaceOrientationLandscapeLeft UIInterfaceOrientationLandscapeRight";
				INFOPLIST_KEY_UISupportedInterfaceOrientations_iPhone = "UIInterfaceOrientationPortrait UIInterfaceOrientationLandscapeLeft UIInterfaceOrientationLandscapeRight";
				INFOPLIST_KEY_UISupportsDocumentBrowser = YES;
				IPHONEOS_DEPLOYMENT_TARGET = 17.6;
				LD_RUNPATH_SEARCH_PATHS = "@executable_path/Frameworks";
				"LD_RUNPATH_SEARCH_PATHS[sdk=macosx*]" = "@executable_path/../Frameworks";
				MACOSX_DEPLOYMENT_TARGET = 14.6;
				MARKETING_VERSION = 1.0;
				PRODUCT_BUNDLE_IDENTIFIER = UKGM.rawDataiOSAppAcquisition;
				PRODUCT_NAME = LifeStats;
				PROVISIONING_PROFILE_SPECIFIER = "";
				SDKROOT = auto;
				SUPPORTED_PLATFORMS = "iphoneos iphonesimulator macosx";
				SWIFT_EMIT_LOC_STRINGS = YES;
				SWIFT_VERSION = 5.0;
				TARGETED_DEVICE_FAMILY = "1,2";
			};
			name = Release;
		};
		5A554E802C8705090081747B /* Debug */ = {
			isa = XCBuildConfiguration;
			buildSettings = {
				BUNDLE_LOADER = "$(TEST_HOST)";
				CODE_SIGN_STYLE = Automatic;
				CURRENT_PROJECT_VERSION = 1;
				DEAD_CODE_STRIPPING = YES;
				DEVELOPMENT_TEAM = XBTGW8FK4X;
				GENERATE_INFOPLIST_FILE = YES;
				IPHONEOS_DEPLOYMENT_TARGET = 17.5;
				MACOSX_DEPLOYMENT_TARGET = 14.5;
				MARKETING_VERSION = 1.0;
				PRODUCT_BUNDLE_IDENTIFIER = UKGM.rawDataiOSAppAcquisitionTests;
				PRODUCT_NAME = "$(TARGET_NAME)";
				SDKROOT = auto;
				SUPPORTED_PLATFORMS = "iphoneos iphonesimulator macosx";
				SWIFT_EMIT_LOC_STRINGS = NO;
				SWIFT_VERSION = 5.0;
				TARGETED_DEVICE_FAMILY = "1,2";
				TEST_HOST = "$(BUILT_PRODUCTS_DIR)/rawDataiOSAppAcquisition.app/$(BUNDLE_EXECUTABLE_FOLDER_PATH)/rawDataiOSAppAcquisition";
			};
			name = Debug;
		};
		5A554E812C8705090081747B /* Release */ = {
			isa = XCBuildConfiguration;
			buildSettings = {
				BUNDLE_LOADER = "$(TEST_HOST)";
				CODE_SIGN_STYLE = Automatic;
				CURRENT_PROJECT_VERSION = 1;
				DEAD_CODE_STRIPPING = YES;
				DEVELOPMENT_TEAM = XBTGW8FK4X;
				GENERATE_INFOPLIST_FILE = YES;
				IPHONEOS_DEPLOYMENT_TARGET = 17.5;
				MACOSX_DEPLOYMENT_TARGET = 14.5;
				MARKETING_VERSION = 1.0;
				PRODUCT_BUNDLE_IDENTIFIER = UKGM.rawDataiOSAppAcquisitionTests;
				PRODUCT_NAME = "$(TARGET_NAME)";
				SDKROOT = auto;
				SUPPORTED_PLATFORMS = "iphoneos iphonesimulator macosx";
				SWIFT_EMIT_LOC_STRINGS = NO;
				SWIFT_VERSION = 5.0;
				TARGETED_DEVICE_FAMILY = "1,2";
				TEST_HOST = "$(BUILT_PRODUCTS_DIR)/rawDataiOSAppAcquisition.app/$(BUNDLE_EXECUTABLE_FOLDER_PATH)/rawDataiOSAppAcquisition";
			};
			name = Release;
		};
		5A554E832C8705090081747B /* Debug */ = {
			isa = XCBuildConfiguration;
			buildSettings = {
				CODE_SIGN_STYLE = Automatic;
				CURRENT_PROJECT_VERSION = 1;
				DEAD_CODE_STRIPPING = YES;
				DEVELOPMENT_TEAM = XBTGW8FK4X;
				GENERATE_INFOPLIST_FILE = YES;
				IPHONEOS_DEPLOYMENT_TARGET = 17.5;
				MACOSX_DEPLOYMENT_TARGET = 14.5;
				MARKETING_VERSION = 1.0;
				PRODUCT_BUNDLE_IDENTIFIER = UKGM.rawDataiOSAppAcquisitionUITests;
				PRODUCT_NAME = "$(TARGET_NAME)";
				SDKROOT = auto;
				SUPPORTED_PLATFORMS = "iphoneos iphonesimulator macosx";
				SWIFT_EMIT_LOC_STRINGS = NO;
				SWIFT_VERSION = 5.0;
				TARGETED_DEVICE_FAMILY = "1,2";
				TEST_TARGET_NAME = rawDataiOSAppAcquisition;
			};
			name = Debug;
		};
		5A554E842C8705090081747B /* Release */ = {
			isa = XCBuildConfiguration;
			buildSettings = {
				CODE_SIGN_STYLE = Automatic;
				CURRENT_PROJECT_VERSION = 1;
				DEAD_CODE_STRIPPING = YES;
				DEVELOPMENT_TEAM = XBTGW8FK4X;
				GENERATE_INFOPLIST_FILE = YES;
				IPHONEOS_DEPLOYMENT_TARGET = 17.5;
				MACOSX_DEPLOYMENT_TARGET = 14.5;
				MARKETING_VERSION = 1.0;
				PRODUCT_BUNDLE_IDENTIFIER = UKGM.rawDataiOSAppAcquisitionUITests;
				PRODUCT_NAME = "$(TARGET_NAME)";
				SDKROOT = auto;
				SUPPORTED_PLATFORMS = "iphoneos iphonesimulator macosx";
				SWIFT_EMIT_LOC_STRINGS = NO;
				SWIFT_VERSION = 5.0;
				TARGETED_DEVICE_FAMILY = "1,2";
				TEST_TARGET_NAME = rawDataiOSAppAcquisition;
			};
			name = Release;
		};
/* End XCBuildConfiguration section */

/* Begin XCConfigurationList section */
		5A554E522C8705080081747B /* Build configuration list for PBXProject "LifeStats" */ = {
			isa = XCConfigurationList;
			buildConfigurations = (
				5A554E7A2C8705090081747B /* Debug */,
				5A554E7B2C8705090081747B /* Release */,
			);
			defaultConfigurationIsVisible = 0;
			defaultConfigurationName = Release;
		};
		5A554E7C2C8705090081747B /* Build configuration list for PBXNativeTarget "rawDataiOSAppAcquisition" */ = {
			isa = XCConfigurationList;
			buildConfigurations = (
				5A554E7D2C8705090081747B /* Debug */,
				5A554E7E2C8705090081747B /* Release */,
			);
			defaultConfigurationIsVisible = 0;
			defaultConfigurationName = Release;
		};
		5A554E7F2C8705090081747B /* Build configuration list for PBXNativeTarget "rawDataiOSAppAcquisitionTests" */ = {
			isa = XCConfigurationList;
			buildConfigurations = (
				5A554E802C8705090081747B /* Debug */,
				5A554E812C8705090081747B /* Release */,
			);
			defaultConfigurationIsVisible = 0;
			defaultConfigurationName = Release;
		};
		5A554E822C8705090081747B /* Build configuration list for PBXNativeTarget "rawDataiOSAppAcquisitionUITests" */ = {
			isa = XCConfigurationList;
			buildConfigurations = (
				5A554E832C8705090081747B /* Debug */,
				5A554E842C8705090081747B /* Release */,
			);
			defaultConfigurationIsVisible = 0;
			defaultConfigurationName = Release;
		};
/* End XCConfigurationList section */
	};
	rootObject = 5A554E4F2C8705080081747B /* Project object */;
}
