PODS:
  - LiteRTC (0.0.1-nightly.20250205):
    - LiteRTC/Core (= 0.0.1-nightly.20250205)
  - LiteRTC/Core (0.0.1-nightly.20250205)
  - LiteRTC/CoreML (0.0.1-nightly.20250205):
    - LiteRTC/Core
  - LiteRTC/Metal (0.0.1-nightly.20250205):
    - LiteRTC/Core
  - LiteRTSwift/Core (0.0.1-nightly.20250205):
    - LiteRTC (= 0.0.1-nightly.20250205)
    - LiteRTSwift/Privacy (= 0.0.1-nightly.20250205)
  - LiteRTSwift/CoreML (0.0.1-nightly.20250205):
    - LiteRTC/CoreML (= 0.0.1-nightly.20250205)
    - LiteRTSwift/Core (= 0.0.1-nightly.20250205)
    - LiteRTSwift/Privacy (= 0.0.1-nightly.20250205)
  - LiteRTSwift/Metal (0.0.1-nightly.20250205):
    - LiteRTC/Metal (= 0.0.1-nightly.20250205)
    - LiteRTSwift/Core (= 0.0.1-nightly.20250205)
    - LiteRTSwift/Privacy (= 0.0.1-nightly.20250205)
  - LiteRTSwift/Privacy (0.0.1-nightly.20250205)
  - ResearchKit (2.2.16)

DEPENDENCIES:
  - LiteRTSwift/CoreML (~> 0.0.1-nightly)
  - LiteRTSwift/Metal (~> 0.0.1-nightly)
  - ResearchKit

SPEC REPOS:
  trunk:
    - LiteRTC
    - LiteRTSwift
    - ResearchKit

SPEC CHECKSUMS:
  LiteRTC: 19dcb48d52a6705ba93a319df0088b0e7e7b0f83
  LiteRTSwift: 11bb09351f87effd8b01b0e370a2b69584e5ed0a
  ResearchKit: 4ce3751136fc82a02ac83f873b09b01b6974a761

PODFILE CHECKSUM: b7afd69080a8443d2950ac72a6e2904f1690e82a

COCOAPODS: 1.16.2
